PODS:
  - Kingfisher (5.15.8):
    - Kingfisher/Core (= 5.15.8)
  - Kingfisher/Core (5.15.8)
  - PromiseKit (6.17.0):
    - PromiseKit/CorePromise (= 6.17.0)
    - PromiseKit/Foundation (= 6.17.0)
    - PromiseKit/UIKit (= 6.17.0)
  - PromiseKit/CorePromise (6.17.0)
  - PromiseKit/Foundation (6.17.0):
    - PromiseKit/CorePromise
  - PromiseKit/UIKit (6.17.0):
    - PromiseKit/CorePromise
  - RxCocoa (4.5.0):
    - RxSwift (>= 4.4.2, ~> 4.4)
  - RxSwift (4.5.0)

DEPENDENCIES:
  - Kingfisher (~> 5.15.8)
  - PromiseKit (from `local_pods/PromiseKit`)
  - RxCocoa (~> 4.5.0)
  - RxSwift (~> 4.5.0)

SPEC REPOS:
  trunk:
    - Kingfisher
    - RxCocoa
    - RxSwift

EXTERNAL SOURCES:
  PromiseKit:
    :path: local_pods/PromiseKit

SPEC CHECKSUMS:
  Kingfisher: a3c03d702433fa6cfedabb2bddbe076fb8f2e902
  PromiseKit: 9ec05cee7dd859d211127d8babc7548543d8b589
  RxCocoa: cbf70265dc65a981d4ac982e513c10cf23df24a0
  RxSwift: f172070dfd1a93d70a9ab97a5a01166206e1c575

PODFILE CHECKSUM: 29750c334080eeb55960e8f08c8bc993428ea185

COCOAPODS: 1.11.2
